{
  "name": "weapp-navigation-bar",
  "version": "2.2.1",
  "lockfileVersion": 3,
  "requires": true,
  "packages": {
    "": {
      "name": "weapp-navigation-bar",
      "version": "2.2.1",
      "license": "ISC",
      "dependencies": {
        "weapp-navigation-bar": "file:"
      }
    },
    "node_modules/weapp-navigation-bar": {
      "resolved": "",
      "link": true
    }
  }
}
